
Microsoft Visual Studio Solution File, Format Version 12.00
# Visual Studio 15
VisualStudioVersion = 15.0.28307.329
MinimumVisualStudioVersion = 10.0.40219.1
Project("{FAE04EC0-301F-11D3-BF4B-00C04F79EFBC}") = "ECPrintSetup", "ECPrintSetup\ECPrintSetup.csproj", "{AC8AC4C4-0D57-4092-927A-5B1E2D8651CD}"
EndProject
Project("{FAE04EC0-301F-11D3-BF4B-00C04F79EFBC}") = "EclaimsPrint", "EclaimsPrint\EclaimsPrint.csproj", "{EF099A4B-921D-4BBB-B4EC-991133C8750B}"
EndProject
Global
	GlobalSection(SolutionConfigurationPlatforms) = preSolution
		Debug|Any CPU = Debug|Any CPU
		Release|Any CPU = Release|Any CPU
	EndGlobalSection
	GlobalSection(ProjectConfigurationPlatforms) = postSolution
		{AC8AC4C4-0D57-4092-927A-5B1E2D8651CD}.Debug|Any CPU.ActiveCfg = Debug|Any CPU
		{AC8AC4C4-0D57-4092-927A-5B1E2D8651CD}.Debug|Any CPU.Build.0 = Debug|Any CPU
		{AC8AC4C4-0D57-4092-927A-5B1E2D8651CD}.Release|Any CPU.ActiveCfg = Release|Any CPU
		{AC8AC4C4-0D57-4092-927A-5B1E2D8651CD}.Release|Any CPU.Build.0 = Release|Any CPU
		{EF099A4B-921D-4BBB-B4EC-991133C8750B}.Debug|Any CPU.ActiveCfg = Debug|Any CPU
		{EF099A4B-921D-4BBB-B4EC-991133C8750B}.Debug|Any CPU.Build.0 = Debug|Any CPU
		{EF099A4B-921D-4BBB-B4EC-991133C8750B}.Release|Any CPU.ActiveCfg = Release|Any CPU
		{EF099A4B-921D-4BBB-B4EC-991133C8750B}.Release|Any CPU.Build.0 = Release|Any CPU
	EndGlobalSection
	GlobalSection(SolutionProperties) = preSolution
		HideSolutionNode = FALSE
	EndGlobalSection
	GlobalSection(ExtensibilityGlobals) = postSolution
		SolutionGuid = {77E8BA14-7C98-48B5-B2D0-808EF853D57B}
	EndGlobalSection
EndGlobal
